
Microsoft Visual Studio Solution File, Format Version 12.00
# Visual Studio Version 16
VisualStudioVersion = 16.0.30804.86
MinimumVisualStudioVersion = 10.0.40219.1
Project("{FAE04EC0-301F-11D3-BF4B-00C04F79EFBC}") = "AFK(Synapse)", "AFK(Synapse)\AFK(Synapse).csproj", "{40D039D4-BB7B-4E78-9B76-A4FF78D9E843}"
EndProject
Global
	GlobalSection(SolutionConfigurationPlatforms) = preSolution
		Debug|Any CPU = Debug|Any CPU
		Release|Any CPU = Release|Any CPU
	EndGlobalSection
	GlobalSection(ProjectConfigurationPlatforms) = postSolution
		{40D039D4-BB7B-4E78-9B76-A4FF78D9E843}.Debug|Any CPU.ActiveCfg = Debug|Any CPU
		{40D039D4-BB7B-4E78-9B76-A4FF78D9E843}.Debug|Any CPU.Build.0 = Debug|Any CPU
		{40D039D4-BB7B-4E78-9B76-A4FF78D9E843}.Release|Any CPU.ActiveCfg = Release|Any CPU
		{40D039D4-BB7B-4E78-9B76-A4FF78D9E843}.Release|Any CPU.Build.0 = Release|Any CPU
	EndGlobalSection
	GlobalSection(SolutionProperties) = preSolution
		HideSolutionNode = FALSE
	EndGlobalSection
	GlobalSection(ExtensibilityGlobals) = postSolution
		SolutionGuid = {16881E71-10E9-428C-88A7-7E69FA040F81}
	EndGlobalSection
EndGlobal
